github.com/coopernurse/gorp v1.6.2-0.20140906144417-5d19ebd22fdc h1:c2qJk01aA2kLGbNZMHgYitY7sGTmIAEqhHKz84zcax4=
github.com/coopernurse/gorp v1.6.2-0.20140906144417-5d19ebd22fdc/go.mod h1:wkfIkQktc4uuBo0kLNE8tMMN9okbsTa2orfZvBaL9F8=
github.com/go-sql-driver/mysql v1.2.1-0.20140926190841-954375029540 h1:gIPaR0uO9daNQjRvOU5x9HlVqZcjngcm0vLu28pgQl4=
github.com/go-sql-driver/mysql v1.2.1-0.20140926190841-954375029540/go.mod h1:zAC/RDZ24gD3HViQzih4MyKcchzm+sOG5ZlKdlhCg5w=
github.com/gorilla/context v0.0.0-20140604161150-14f550f51af5 h1:yCHB2BCyFu0V6ChUHb8sF2VodD5B0PAgPDoCxBE7ICQ=
github.com/gorilla/context v0.0.0-20140604161150-14f550f51af5/go.mod h1:kBGZzfjB9CEq2AlWe17Uuf7NDRt0dE0s8S51q0aT7Yg=
github.com/gorilla/mux v0.0.0-20140926153814-e444e69cbd2e h1:nH09qCdJVZxw0nRVfm14xjXkw2puLyLPN56n4u+vTC0=
github.com/gorilla/mux v0.0.0-20140926153814-e444e69cbd2e/go.mod h1:1lud6UwP+6orDFRuTfBEV8e9/aOM/c4fVVCaMa2zaAs=
github.com/nu7hatch/gouuid v0.0.0-20131221200532-179d4d0c4d8d h1:VhgPp6v9qf9Agr/56bj7Y/xa04UccTW04VP0Qed4vnQ=
github.com/nu7hatch/gouuid v0.0.0-20131221200532-179d4d0c4d8d/go.mod h1:YUTz3bUH2ZwIWBy3CJBeOBEugqcmXREj14T+iG/4k4U=
github.com/onsi/ginkgo v1.1.1-0.20141113002505-9c7cbc493e1b h1:8z+1kxoxAuyMs1oxHg6faxPsqZyoKKR2ptP6ZFSvy3A=
github.com/onsi/ginkgo v1.1.1-0.20141113002505-9c7cbc493e1b/go.mod h1:lLunBs/Ym6LB5Z9jYTR76FiuTmxDTDusOGeTQH+WWjE=
github.com/onsi/gomega v0.0.0-20141104003221-2cd6d99ccf3a h1:mbIYHraLYMrrbspRyuWS+xZ7GyvAN9iTBkAksQxF9WU=
github.com/onsi/gomega v0.0.0-20141104003221-2cd6d99ccf3a/go.mod h1:C1qb7wdrVGGVU+Z6iS04AVkA3Q65CEZX59MT0QO5uiA=
github.com/rubenv/sql-migrate v0.0.0-20141001072755-09d124bf5f0e h1:BMW8GU++Ophax0ZK+PBLwIaAM2cj2ndW9e84utHPOfg=
github.com/rubenv/sql-migrate v0.0.0-20141001072755-09d124bf5f0e/go.mod h1:WS0rl9eEliYI8DPnr3TOwz4439pay+qNgzJoVya/DmY=
gopkg.in/guregu/null.v2 v2.1.1 h1:VZG6Tc5BeHlfx3WDQ4YogWUtL71q0C4l6wn+skQ13Ak=
gopkg.in/guregu/null.v2 v2.1.1/go.mod h1:XORrx8tyS5ZDcyUboCIxQtta/Aujk/6pfWrn9Xe33mU=
